<?xml version="1.0" encoding="utf-8"?>
<Project ToolsVersion="4.0" xmlns="http://schemas.microsoft.com/developer/msbuild/2003">
  <ItemGroup>
    <Filter Include="Source Files">
      <UniqueIdentifier>{4FC737F1-C7A5-4376-A066-2A32D752A2FF}</UniqueIdentifier>
      <Extensions>cpp;c;cc;cxx;def;odl;idl;hpj;bat;asm;asmx</Extensions>
    </Filter>
    <Filter Include="Header Files">
      <UniqueIdentifier>{93995380-89BD-4b04-88EB-625FBE52EBFB}</UniqueIdentifier>
      <Extensions>h;hh;hpp;hxx;hm;inl;inc;xsd</Extensions>
    </Filter>
    <Filter Include="Resource Files">
      <UniqueIdentifier>{67DA6AB6-F800-4c08-8B7A-83BB121AAD01}</UniqueIdentifier>
      <Extensions>rc;ico;cur;bmp;dlg;rc2;rct;bin;rgs;gif;jpg;jpeg;jpe;resx;tiff;tif;png;wav;mfcribbon-ms</Extensions>
    </Filter>
  </ItemGroup>
  <ItemGroup>
    <ClCompile Include="main.cpp">
      <Filter>Source Files</Filter>
    </ClCompile>
    <ClCompile Include="Shader.cpp">
      <Filter>Source Files</Filter>
    </ClCompile>
    <ClCompile Include="Texture.cpp">
      <Filter>Source Files</Filter>
    </ClCompile>
    <ClCompile Include="ResourceManager.cpp">
      <Filter>Source Files</Filter>
    </ClCompile>
    <ClCompile Include="sprite_renderer.cpp">
      <Filter>Source Files</Filter>
    </ClCompile>
    <ClCompile Include="Sprite.cpp">
      <Filter>Source Files</Filter>
    </ClCompile>
    <ClCompile Include="Scene.cpp">
      <Filter>Source Files</Filter>
    </ClCompile>
    <ClCompile Include="Observers\CheckBoundsObserver.cpp">
      <Filter>Source Files</Filter>
    </ClCompile>
    <ClCompile Include="Observers\ColliderObserver.cpp">
      <Filter>Source Files</Filter>
    </ClCompile>
    <ClCompile Include="Observers\observer.cpp">
      <Filter>Source Files</Filter>
    </ClCompile>
    <ClCompile Include="Observers\observerhandler.cpp">
      <Filter>Source Files</Filter>
    </ClCompile>
    <ClCompile Include="Observers\CollisionGroupObserver.cpp">
      <Filter>Source Files</Filter>
    </ClCompile>
    <ClCompile Include="Colliders\boxCollider.cpp">
      <Filter>Source Files</Filter>
    </ClCompile>
    <ClCompile Include="Colliders\circleCollider.cpp">
      <Filter>Source Files</Filter>
    </ClCompile>
    <ClCompile Include="Colliders\collider.cpp">
      <Filter>Source Files</Filter>
    </ClCompile>
    <ClCompile Include="Colliders\staticBoxCollider.cpp">
      <Filter>Source Files</Filter>
    </ClCompile>
    <ClCompile Include="Colliders\staticCircleCollider.cpp">
      <Filter>Source Files</Filter>
    </ClCompile>
    <ClCompile Include="AbstractSprite.cpp">
      <Filter>Source Files</Filter>
    </ClCompile>
    <ClCompile Include="SensorActuators\MotionActuator.cpp">
      <Filter>Source Files</Filter>
    </ClCompile>
    <ClCompile Include="SensorActuators\ActiveActuator.cpp">
      <Filter>Source Files</Filter>
    </ClCompile>
    <ClCompile Include="SensorActuators\VisibilityActuator.cpp">
      <Filter>Source Files</Filter>
    </ClCompile>
    <ClCompile Include="SensorActuators\CheckBoundsSensor.cpp">
      <Filter>Source Files</Filter>
    </ClCompile>
    <ClCompile Include="SensorActuators\CollisionSensor.cpp">
      <Filter>Source Files</Filter>
    </ClCompile>
    <ClCompile Include="SensorActuators\PositionActuator.cpp">
      <Filter>Source Files</Filter>
    </ClCompile>
    <ClCompile Include="SensorActuators\AbstractActuator.cpp">
      <Filter>Source Files</Filter>
    </ClCompile>
    <ClCompile Include="SensorActuators\AbstractFactory.cpp">
      <Filter>Source Files</Filter>
    </ClCompile>
    <ClCompile Include="SensorActuators\AbstractSensor.cpp">
      <Filter>Source Files</Filter>
    </ClCompile>
    <ClCompile Include="SensorActuators\KeyboardSensor.cpp">
      <Filter>Source Files</Filter>
    </ClCompile>
    <ClCompile Include="KeyHandler.cpp">
      <Filter>Source Files</Filter>
    </ClCompile>
    <ClCompile Include="Colliders\PolyCollider.cpp">
      <Filter>Source Files</Filter>
    </ClCompile>
    <ClCompile Include="Colliders\Edge.cpp">
      <Filter>Source Files</Filter>
    </ClCompile>
    <ClCompile Include="SceneDirector.cpp">
      <Filter>Source Files</Filter>
    </ClCompile>
    <ClCompile Include="AbstractScene.cpp">
      <Filter>Source Files</Filter>
    </ClCompile>
    <ClCompile Include="SensorActuators\SceneActuator.cpp">
      <Filter>Source Files</Filter>
    </ClCompile>
  </ItemGroup>
  <ItemGroup>
    <ClInclude Include="Shader.h">
      <Filter>Header Files</Filter>
    </ClInclude>
    <ClInclude Include="Texture.h">
      <Filter>Header Files</Filter>
    </ClInclude>
    <ClInclude Include="ResourceManager.h">
      <Filter>Header Files</Filter>
    </ClInclude>
    <ClInclude Include="sprite_renderer.h">
      <Filter>Header Files</Filter>
    </ClInclude>
    <ClInclude Include="Sprite.h">
      <Filter>Header Files</Filter>
    </ClInclude>
    <ClInclude Include="Scene.h">
      <Filter>Header Files</Filter>
    </ClInclude>
    <ClInclude Include="staticCircleCollider.h">
      <Filter>Header Files</Filter>
    </ClInclude>
    <ClInclude Include="staticBoxCollider.h">
      <Filter>Header Files</Filter>
    </ClInclude>
    <ClInclude Include="Colliders\boxCollider.h">
      <Filter>Header Files</Filter>
    </ClInclude>
    <ClInclude Include="Colliders\circleCollider.h">
      <Filter>Header Files</Filter>
    </ClInclude>
    <ClInclude Include="Colliders\collider.h">
      <Filter>Header Files</Filter>
    </ClInclude>
    <ClInclude Include="Colliders\staticBoxCollider.h">
      <Filter>Header Files</Filter>
    </ClInclude>
    <ClInclude Include="Colliders\staticCircleCollider.h">
      <Filter>Header Files</Filter>
    </ClInclude>
    <ClInclude Include="Observers\CheckBoundsObserver.h">
      <Filter>Header Files</Filter>
    </ClInclude>
    <ClInclude Include="Observers\ColliderObserver.h">
      <Filter>Header Files</Filter>
    </ClInclude>
    <ClInclude Include="Observers\observer.h">
      <Filter>Header Files</Filter>
    </ClInclude>
    <ClInclude Include="Observers\observerhandler.h">
      <Filter>Header Files</Filter>
    </ClInclude>
    <ClInclude Include="Observers\CollisionGroupObserver.h">
      <Filter>Header Files</Filter>
    </ClInclude>
    <ClInclude Include="AbstractSprite.h">
      <Filter>Header Files</Filter>
    </ClInclude>
    <ClInclude Include="SensorActuators\ActiveActuator.h">
      <Filter>Header Files</Filter>
    </ClInclude>
    <ClInclude Include="SensorActuators\CheckBoundsSensor.h">
      <Filter>Header Files</Filter>
    </ClInclude>
    <ClInclude Include="SensorActuators\VisibilityActuator.h">
      <Filter>Header Files</Filter>
    </ClInclude>
    <ClInclude Include="SensorActuators\MotionActuator.h">
      <Filter>Header Files</Filter>
    </ClInclude>
    <ClInclude Include="SensorActuators\CollisionSensor.h">
      <Filter>Header Files</Filter>
    </ClInclude>
    <ClInclude Include="SensorActuators\PositionActuator.h">
      <Filter>Header Files</Filter>
    </ClInclude>
    <ClInclude Include="SensorActuators\AbstractActuator.h">
      <Filter>Header Files</Filter>
    </ClInclude>
    <ClInclude Include="SensorActuators\AbstractFactory.h">
      <Filter>Header Files</Filter>
    </ClInclude>
    <ClInclude Include="SensorActuators\AbstractSensor.h">
      <Filter>Header Files</Filter>
    </ClInclude>
    <ClInclude Include="SensorActuators\KeyboardSensor.h">
      <Filter>Header Files</Filter>
    </ClInclude>
    <ClInclude Include="KeyHandler.h">
      <Filter>Header Files</Filter>
    </ClInclude>
    <ClInclude Include="Colliders\PolyCollider.h">
      <Filter>Header Files</Filter>
    </ClInclude>
    <ClInclude Include="Colliders\Edge.h">
      <Filter>Header Files</Filter>
    </ClInclude>
    <ClInclude Include="SceneDirector.h">
      <Filter>Header Files</Filter>
    </ClInclude>
    <ClInclude Include="AbstractScene.h">
      <Filter>Header Files</Filter>
    </ClInclude>
    <ClInclude Include="SensorActuators\SceneActuator.h">
      <Filter>Header Files</Filter>
    </ClInclude>
  </ItemGroup>
  <ItemGroup>
    <None Include="..\shaders\sprite.frag">
      <Filter>Resource Files</Filter>
    </None>
    <None Include="..\shaders\sprite.vs">
      <Filter>Resource Files</Filter>
    </None>
  </ItemGroup>
  <ItemGroup>
    <Image Include="..\textures\awesomeface.png">
      <Filter>Resource Files</Filter>
    </Image>
  </ItemGroup>
</Project>