<?xml version="1.0" encoding="utf-8"?>
<Project ToolsVersion="4.0" xmlns="http://schemas.microsoft.com/developer/msbuild/2003">
  <ItemGroup>
    <Filter Include="Source Files">
      <UniqueIdentifier>{4FC737F1-C7A5-4376-A066-2A32D752A2FF}</UniqueIdentifier>
      <Extensions>cpp;c;cc;cxx;def;odl;idl;hpj;bat;asm;asmx</Extensions>
    </Filter>
    <Filter Include="Header Files">
      <UniqueIdentifier>{93995380-89BD-4b04-88EB-625FBE52EBFB}</UniqueIdentifier>
      <Extensions>h;hh;hpp;hxx;hm;inl;inc;xsd</Extensions>
    </Filter>
    <Filter Include="Resource Files">
      <UniqueIdentifier>{67DA6AB6-F800-4c08-8B7A-83BB121AAD01}</UniqueIdentifier>
      <Extensions>rc;ico;cur;bmp;dlg;rc2;rct;bin;rgs;gif;jpg;jpeg;jpe;resx;tiff;tif;png;wav;mfcribbon-ms</Extensions>
    </Filter>
    <Filter Include="Sensors">
      <UniqueIdentifier>{86203d33-f9f8-49bc-ba5f-2ebbc8e934f2}</UniqueIdentifier>
    </Filter>
    <Filter Include="Colliders">
      <UniqueIdentifier>{799abb2c-cba9-49b1-a491-5bbc18e2ce25}</UniqueIdentifier>
    </Filter>
    <Filter Include="Actuators">
      <UniqueIdentifier>{54e9ec79-8e2a-400b-88b8-880f15e243a8}</UniqueIdentifier>
    </Filter>
    <Filter Include="Observers">
      <UniqueIdentifier>{86e98960-6f44-4a3b-a1d9-6834ce64dc7f}</UniqueIdentifier>
    </Filter>
  </ItemGroup>
  <ItemGroup>
    <ClCompile Include="main.cpp">
      <Filter>Source Files</Filter>
    </ClCompile>
    <ClCompile Include="Shader.cpp">
      <Filter>Source Files</Filter>
    </ClCompile>
    <ClCompile Include="Texture.cpp">
      <Filter>Source Files</Filter>
    </ClCompile>
    <ClCompile Include="ResourceManager.cpp">
      <Filter>Source Files</Filter>
    </ClCompile>
    <ClCompile Include="sprite_renderer.cpp">
      <Filter>Source Files</Filter>
    </ClCompile>
    <ClCompile Include="Sprite.cpp">
      <Filter>Source Files</Filter>
    </ClCompile>
    <ClCompile Include="Scene.cpp">
      <Filter>Source Files</Filter>
    </ClCompile>
    <ClCompile Include="AbstractSprite.cpp">
      <Filter>Source Files</Filter>
    </ClCompile>
    <ClCompile Include="KeyHandler.cpp">
      <Filter>Source Files</Filter>
    </ClCompile>
    <ClCompile Include="SceneDirector.cpp">
      <Filter>Source Files</Filter>
    </ClCompile>
    <ClCompile Include="AbstractScene.cpp">
      <Filter>Source Files</Filter>
    </ClCompile>
    <ClCompile Include="SensorActuators\CollisionSensor.cpp">
      <Filter>Sensors</Filter>
    </ClCompile>
    <ClCompile Include="SensorActuators\KeyboardSensor.cpp">
      <Filter>Sensors</Filter>
    </ClCompile>
    <ClCompile Include="SensorActuators\CheckBoundsSensor.cpp">
      <Filter>Sensors</Filter>
    </ClCompile>
    <ClCompile Include="SensorActuators\AbstractSensor.cpp">
      <Filter>Sensors</Filter>
    </ClCompile>
    <ClCompile Include="Colliders\CircleCollider.cpp">
      <Filter>Colliders</Filter>
    </ClCompile>
    <ClCompile Include="Colliders\AbstractCollider.cpp">
      <Filter>Colliders</Filter>
    </ClCompile>
    <ClCompile Include="SensorActuators\AbstractActuator.cpp">
      <Filter>Actuators</Filter>
    </ClCompile>
    <ClCompile Include="SensorActuators\PositionActuator.cpp">
      <Filter>Actuators</Filter>
    </ClCompile>
    <ClCompile Include="SensorActuators\SceneActuator.cpp">
      <Filter>Actuators</Filter>
    </ClCompile>
    <ClCompile Include="SensorActuators\MotionActuator.cpp">
      <Filter>Actuators</Filter>
    </ClCompile>
    <ClCompile Include="SensorActuators\ActiveActuator.cpp">
      <Filter>Actuators</Filter>
    </ClCompile>
    <ClCompile Include="SensorActuators\VisibilityActuator.cpp">
      <Filter>Actuators</Filter>
    </ClCompile>
    <ClCompile Include="Colliders\PolyCollider.cpp">
      <Filter>Colliders</Filter>
    </ClCompile>
    <ClCompile Include="Colliders\Edge.cpp">
      <Filter>Colliders</Filter>
    </ClCompile>
    <ClCompile Include="Colliders\BoxCollider.cpp">
      <Filter>Colliders</Filter>
    </ClCompile>
    <ClCompile Include="Observers\ColliderObserver.cpp">
      <Filter>Observers</Filter>
    </ClCompile>
    <ClCompile Include="Observers\Observer.cpp">
      <Filter>Observers</Filter>
    </ClCompile>
    <ClCompile Include="Observers\ObserverHandler.cpp">
      <Filter>Observers</Filter>
    </ClCompile>
    <ClCompile Include="Observers\CollisionGroupObserver.cpp">
      <Filter>Observers</Filter>
    </ClCompile>
    <ClCompile Include="Observers\CheckBoundsObserver.cpp">
      <Filter>Observers</Filter>
    </ClCompile>
    <ClCompile Include="Observers\AbstractObserver.cpp">
      <Filter>Source Files</Filter>
    </ClCompile>
    <ClCompile Include="Camera.cpp">
      <Filter>Source Files</Filter>
    </ClCompile>
    <ClCompile Include="SceneObject.cpp">
      <Filter>Source Files</Filter>
    </ClCompile>
    <ClCompile Include="MovingSceneObject.cpp">
      <Filter>Source Files</Filter>
    </ClCompile>
    <ClCompile Include="DrawSceneObject.cpp">
      <Filter>Source Files</Filter>
    </ClCompile>
    <ClCompile Include="SensorActuators\CameraActuator.cpp">
      <Filter>Actuators</Filter>
    </ClCompile>
    <ClCompile Include="QuadScene.cpp">
      <Filter>Source Files</Filter>
    </ClCompile>
    <ClCompile Include="Sound.cpp">
      <Filter>Source Files</Filter>
    </ClCompile>
  </ItemGroup>
  <ItemGroup>
    <ClInclude Include="Shader.h">
      <Filter>Header Files</Filter>
    </ClInclude>
    <ClInclude Include="Texture.h">
      <Filter>Header Files</Filter>
    </ClInclude>
    <ClInclude Include="ResourceManager.h">
      <Filter>Header Files</Filter>
    </ClInclude>
    <ClInclude Include="sprite_renderer.h">
      <Filter>Header Files</Filter>
    </ClInclude>
    <ClInclude Include="Sprite.h">
      <Filter>Header Files</Filter>
    </ClInclude>
    <ClInclude Include="Scene.h">
      <Filter>Header Files</Filter>
    </ClInclude>
    <ClInclude Include="AbstractSprite.h">
      <Filter>Header Files</Filter>
    </ClInclude>
    <ClInclude Include="KeyHandler.h">
      <Filter>Header Files</Filter>
    </ClInclude>
    <ClInclude Include="SceneDirector.h">
      <Filter>Header Files</Filter>
    </ClInclude>
    <ClInclude Include="AbstractScene.h">
      <Filter>Header Files</Filter>
    </ClInclude>
    <ClInclude Include="SensorActuators\CheckBoundsSensor.h">
      <Filter>Sensors</Filter>
    </ClInclude>
    <ClInclude Include="SensorActuators\AbstractSensor.h">
      <Filter>Sensors</Filter>
    </ClInclude>
    <ClInclude Include="Colliders\CircleCollider.h">
      <Filter>Colliders</Filter>
    </ClInclude>
    <ClInclude Include="Colliders\AbstractCollider.h">
      <Filter>Colliders</Filter>
    </ClInclude>
    <ClInclude Include="Colliders\PolyCollider.h">
      <Filter>Colliders</Filter>
    </ClInclude>
    <ClInclude Include="Colliders\Edge.h">
      <Filter>Colliders</Filter>
    </ClInclude>
    <ClInclude Include="SensorActuators\SceneActuator.h">
      <Filter>Actuators</Filter>
    </ClInclude>
    <ClInclude Include="SensorActuators\MotionActuator.h">
      <Filter>Actuators</Filter>
    </ClInclude>
    <ClInclude Include="SensorActuators\ActiveActuator.h">
      <Filter>Actuators</Filter>
    </ClInclude>
    <ClInclude Include="SensorActuators\VisibilityActuator.h">
      <Filter>Actuators</Filter>
    </ClInclude>
    <ClInclude Include="SensorActuators\PositionActuator.h">
      <Filter>Actuators</Filter>
    </ClInclude>
    <ClInclude Include="SensorActuators\AbstractActuator.h">
      <Filter>Actuators</Filter>
    </ClInclude>
    <ClInclude Include="Colliders\BoxCollider.h">
      <Filter>Colliders</Filter>
    </ClInclude>
    <ClInclude Include="SensorActuators\CollisionSensor.h">
      <Filter>Sensors</Filter>
    </ClInclude>
    <ClInclude Include="SensorActuators\KeyboardSensor.h">
      <Filter>Sensors</Filter>
    </ClInclude>
    <ClInclude Include="Observers\ColliderObserver.h">
      <Filter>Observers</Filter>
    </ClInclude>
    <ClInclude Include="Observers\Observer.h">
      <Filter>Observers</Filter>
    </ClInclude>
    <ClInclude Include="Observers\AbstractObserver.h">
      <Filter>Observers</Filter>
    </ClInclude>
    <ClInclude Include="Observers\ObserverHandler.h">
      <Filter>Observers</Filter>
    </ClInclude>
    <ClInclude Include="Observers\CheckBoundsObserver.h">
      <Filter>Observers</Filter>
    </ClInclude>
    <ClInclude Include="Observers\CollisionGroupObserver.h">
      <Filter>Observers</Filter>
    </ClInclude>
    <ClInclude Include="Camera.h">
      <Filter>Header Files</Filter>
    </ClInclude>
    <ClInclude Include="SceneObject.h">
      <Filter>Header Files</Filter>
    </ClInclude>
    <ClInclude Include="MovingSceneObject.h">
      <Filter>Header Files</Filter>
    </ClInclude>
    <ClInclude Include="DrawSceneObject.h">
      <Filter>Header Files</Filter>
    </ClInclude>
    <ClInclude Include="SensorActuators\CameraActuator.h">
      <Filter>Actuators</Filter>
    </ClInclude>
    <ClInclude Include="QuadScene.h">
      <Filter>Header Files</Filter>
    </ClInclude>
    <ClInclude Include="Sound.h">
      <Filter>Header Files</Filter>
    </ClInclude>
  </ItemGroup>
  <ItemGroup>
    <None Include="..\shaders\sprite.frag">
      <Filter>Resource Files</Filter>
    </None>
    <None Include="..\shaders\sprite.vs">
      <Filter>Resource Files</Filter>
    </None>
    <None Include="inline.inl">
      <Filter>Header Files</Filter>
    </None>
  </ItemGroup>
  <ItemGroup>
    <Image Include="..\textures\awesomeface.png">
      <Filter>Resource Files</Filter>
    </Image>
  </ItemGroup>
</Project>